
Microsoft Visual Studio Solution File, Format Version 12.00
Project("{FAE04EC0-301F-11D3-BF4B-00C04F79EFBC}") = "Drbe.WebApi", "Drbe.WebApi\Drbe.WebApi.csproj", "{AFF628D3-73A3-440F-9B60-04989A1E1012}"
EndProject
Global
	GlobalSection(SolutionConfigurationPlatforms) = preSolution
		Debug|Any CPU = Debug|Any CPU
		Release|Any CPU = Release|Any CPU
	EndGlobalSection
	GlobalSection(ProjectConfigurationPlatforms) = postSolution
		{AFF628D3-73A3-440F-9B60-04989A1E1012}.Debug|Any CPU.ActiveCfg = Debug|Any CPU
		{AFF628D3-73A3-440F-9B60-04989A1E1012}.Debug|Any CPU.Build.0 = Debug|Any CPU
		{AFF628D3-73A3-440F-9B60-04989A1E1012}.Release|Any CPU.ActiveCfg = Release|Any CPU
		{AFF628D3-73A3-440F-9B60-04989A1E1012}.Release|Any CPU.Build.0 = Release|Any CPU
	EndGlobalSection
EndGlobal
